{
  "requires": true,
  "lockfileVersion": 1,
  "dependencies": {
    "brain": {
      "version": "0.7.0",
      "resolved": "https://registry.npmjs.org/brain/-/brain-0.7.0.tgz",
      "integrity": "sha1-ptBxjAZKnVDZv/OfOFV7a5TURmw=",
      "requires": {
        "inherits": "2.0.3",
        "underscore": "1.8.3"
      }
    },
    "inherits": {
      "version": "2.0.3",
      "resolved": "https://registry.npmjs.org/inherits/-/inherits-2.0.3.tgz",
      "integrity": "sha1-Yzwsg+PaQqUC9SRmAiSA9CCCYd4="
    },
    "underscore": {
      "version": "1.8.3",
      "resolved": "https://registry.npmjs.org/underscore/-/underscore-1.8.3.tgz",
      "integrity": "sha1-Tz+1OxBuYJf8+ctBCfKl6b36UCI="
    }
  }
}
